
Microsoft Visual Studio Solution File, Format Version 12.00
# Visual Studio Version 17
VisualStudioVersion = 17.11.35303.130
MinimumVisualStudioVersion = 10.0.40219.1
Project("{FAE04EC0-301F-11D3-BF4B-00C04F79EFBC}") = "Quiz4Devops", "Quiz4Devops\Quiz4Devops.csproj", "{00E567D0-92BF-41AF-AA30-CAE7EC6E3E14}"
EndProject
Global
	GlobalSection(SolutionConfigurationPlatforms) = preSolution
		Debug|Any CPU = Debug|Any CPU
		Release|Any CPU = Release|Any CPU
	EndGlobalSection
	GlobalSection(ProjectConfigurationPlatforms) = postSolution
		{00E567D0-92BF-41AF-AA30-CAE7EC6E3E14}.Debug|Any CPU.ActiveCfg = Debug|Any CPU
		{00E567D0-92BF-41AF-AA30-CAE7EC6E3E14}.Debug|Any CPU.Build.0 = Debug|Any CPU
		{00E567D0-92BF-41AF-AA30-CAE7EC6E3E14}.Release|Any CPU.ActiveCfg = Release|Any CPU
		{00E567D0-92BF-41AF-AA30-CAE7EC6E3E14}.Release|Any CPU.Build.0 = Release|Any CPU
	EndGlobalSection
	GlobalSection(SolutionProperties) = preSolution
		HideSolutionNode = FALSE
	EndGlobalSection
	GlobalSection(ExtensibilityGlobals) = postSolution
		SolutionGuid = {92F54141-2CEC-4253-88F9-15AE53FA5202}
	EndGlobalSection
EndGlobal
